PODS:
  - Capacitor (8.5.0):
    - CapacitorCordova
  - CapacitorCordova (8.5.0)

DEPENDENCIES:
  - "Capacitor (from `../../../../node_modules/@capacitor/ios`)"
  - "CapacitorCordova (from `../../../../node_modules/@capacitor/ios`)"

EXTERNAL SOURCES:
  Capacitor:
    :path: "../../../../node_modules/@capacitor/ios"
  CapacitorCordova:
    :path: "../../../../node_modules/@capacitor/ios"

SPEC CHECKSUMS:
  Capacitor: 00b87168591cc006ea6f5c0de681ec5c39a2c8eb
  CapacitorCordova: 9d3acbb574048e7167d2af127a0af2123e619f2f

PODFILE CHECKSUM: 822dcf763968d544f629a85a7fbc39cfdc3492d2

COCOAPODS: 1.17.0
